// !$*UTF8*$!
{
	archiveVersion = 1;
	classes = {
	};
	objectVersion = 50;
	objects = {

/* Begin PBXBuildFile section */
		431811A127195E1E001D57B0 /* controls.c in Sources */ = {isa = PBXBuildFile; fileRef = 431811A027195E1E001D57B0 /* controls.c */; };
		431811A527197A80001D57B0 /* game.c in Sources */ = {isa = PBXBuildFile; fileRef = 431811A427197A80001D57B0 /* game.c */; };
		431811AA27197D20001D57B0 /* tetromino.c in Sources */ = {isa = PBXBuildFile; fileRef = 431811A927197D20001D57B0 /* tetromino.c */; };
		431811AC2719899E001D57B0 /* point.c in Sources */ = {isa = PBXBuildFile; fileRef = 431811AB2719899E001D57B0 /* point.c */; };
		431811AF27198FE9001D57B0 /* collisions.c in Sources */ = {isa = PBXBuildFile; fileRef = 431811AE27198FE9001D57B0 /* collisions.c */; };
		43279A5C2710730800635AB5 /* matrix.c in Sources */ = {isa = PBXBuildFile; fileRef = 43279A5B2710730800635AB5 /* matrix.c */; };
		434552AC27199D04000943FE /* utils.c in Sources */ = {isa = PBXBuildFile; fileRef = 434552AB27199D04000943FE /* utils.c */; };
		4382ECD02719E06C00E6E6D8 /* libportaudio.2.dylib in Frameworks */ = {isa = PBXBuildFile; fileRef = 4382ECCF2719E06C00E6E6D8 /* libportaudio.2.dylib */; };
		4382ECD12719E06C00E6E6D8 /* libportaudio.2.dylib in Embed Libraries */ = {isa = PBXBuildFile; fileRef = 4382ECCF2719E06C00E6E6D8 /* libportaudio.2.dylib */; settings = {ATTRIBUTES = (CodeSignOnCopy, ); }; };
		4382ECD52719E0BE00E6E6D8 /* audio.c in Sources */ = {isa = PBXBuildFile; fileRef = 4382ECD42719E0BE00E6E6D8 /* audio.c */; };
		4382ECD72719E21A00E6E6D8 /* libsndfile.1.dylib in Frameworks */ = {isa = PBXBuildFile; fileRef = 4382ECD62719E21A00E6E6D8 /* libsndfile.1.dylib */; };
		4382ECD82719E21A00E6E6D8 /* libsndfile.1.dylib in Embed Libraries */ = {isa = PBXBuildFile; fileRef = 4382ECD62719E21A00E6E6D8 /* libsndfile.1.dylib */; settings = {ATTRIBUTES = (CodeSignOnCopy, ); }; };
		43D7D694270F46B9009DD32F /* main.c in Sources */ = {isa = PBXBuildFile; fileRef = 43D7D693270F46B9009DD32F /* main.c */; };
		43D7D69F270F5E65009DD32F /* graphics.c in Sources */ = {isa = PBXBuildFile; fileRef = 43D7D69E270F5E65009DD32F /* graphics.c */; };
/* End PBXBuildFile section */

/* Begin PBXCopyFilesBuildPhase section */
		4382ECD22719E06C00E6E6D8 /* Embed Libraries */ = {
			isa = PBXCopyFilesBuildPhase;
			buildActionMask = 2147483647;
			dstPath = "";
			dstSubfolderSpec = 10;
			files = (
				4382ECD12719E06C00E6E6D8 /* libportaudio.2.dylib in Embed Libraries */,
				4382ECD82719E21A00E6E6D8 /* libsndfile.1.dylib in Embed Libraries */,
			);
			name = "Embed Libraries";
			runOnlyForDeploymentPostprocessing = 0;
		};
		43D7D68E270F46B9009DD32F /* CopyFiles */ = {
			isa = PBXCopyFilesBuildPhase;
			buildActionMask = 2147483647;
			dstPath = /usr/share/man/man1/;
			dstSubfolderSpec = 0;
			files = (
			);
			runOnlyForDeploymentPostprocessing = 1;
		};
/* End PBXCopyFilesBuildPhase section */

/* Begin PBXFileReference section */
		4318119F27195E1E001D57B0 /* controls.h */ = {isa = PBXFileReference; lastKnownFileType = sourcecode.c.h; path = controls.h; sourceTree = "<group>"; };
		431811A027195E1E001D57B0 /* controls.c */ = {isa = PBXFileReference; lastKnownFileType = sourcecode.c.c; path = controls.c; sourceTree = "<group>"; };
		431811A227195E54001D57B0 /* vertical_alignment.h */ = {isa = PBXFileReference; lastKnownFileType = sourcecode.c.h; path = vertical_alignment.h; sourceTree = "<group>"; };
		431811A327197A80001D57B0 /* game.h */ = {isa = PBXFileReference; lastKnownFileType = sourcecode.c.h; path = game.h; sourceTree = "<group>"; };
		431811A427197A80001D57B0 /* game.c */ = {isa = PBXFileReference; lastKnownFileType = sourcecode.c.c; path = game.c; sourceTree = "<group>"; };
		431811A827197D20001D57B0 /* tetromino.h */ = {isa = PBXFileReference; lastKnownFileType = sourcecode.c.h; path = tetromino.h; sourceTree = "<group>"; };
		431811A927197D20001D57B0 /* tetromino.c */ = {isa = PBXFileReference; lastKnownFileType = sourcecode.c.c; path = tetromino.c; sourceTree = "<group>"; };
		431811AB2719899E001D57B0 /* point.c */ = {isa = PBXFileReference; lastKnownFileType = sourcecode.c.c; path = point.c; sourceTree = "<group>"; };
		431811AD27198FE9001D57B0 /* collisions.h */ = {isa = PBXFileReference; lastKnownFileType = sourcecode.c.h; path = collisions.h; sourceTree = "<group>"; };
		431811AE27198FE9001D57B0 /* collisions.c */ = {isa = PBXFileReference; lastKnownFileType = sourcecode.c.c; path = collisions.c; sourceTree = "<group>"; };
		43279A52270F986C00635AB5 /* size.h */ = {isa = PBXFileReference; lastKnownFileType = sourcecode.c.h; path = size.h; sourceTree = "<group>"; };
		43279A53270F9DB300635AB5 /* point.h */ = {isa = PBXFileReference; lastKnownFileType = sourcecode.c.h; path = point.h; sourceTree = "<group>"; };
		43279A5427105C5C00635AB5 /* rect.h */ = {isa = PBXFileReference; lastKnownFileType = sourcecode.c.h; path = rect.h; sourceTree = "<group>"; };
		43279A562710610D00635AB5 /* alpha.h */ = {isa = PBXFileReference; lastKnownFileType = sourcecode.c.h; path = alpha.h; sourceTree = "<group>"; };
		43279A572710613200635AB5 /* color.h */ = {isa = PBXFileReference; lastKnownFileType = sourcecode.c.h; path = color.h; sourceTree = "<group>"; };
		43279A582710615A00635AB5 /* color_module.h */ = {isa = PBXFileReference; lastKnownFileType = sourcecode.c.h; path = color_module.h; sourceTree = "<group>"; };
		43279A5A2710730800635AB5 /* matrix.h */ = {isa = PBXFileReference; lastKnownFileType = sourcecode.c.h; path = matrix.h; sourceTree = "<group>"; };
		43279A5B2710730800635AB5 /* matrix.c */ = {isa = PBXFileReference; lastKnownFileType = sourcecode.c.c; path = matrix.c; sourceTree = "<group>"; };
		434552AA27199D04000943FE /* utils.h */ = {isa = PBXFileReference; lastKnownFileType = sourcecode.c.h; path = utils.h; sourceTree = "<group>"; };
		434552AB27199D04000943FE /* utils.c */ = {isa = PBXFileReference; lastKnownFileType = sourcecode.c.c; path = utils.c; sourceTree = "<group>"; };
		434552AE2719ADC9000943FE /* placement_state.h */ = {isa = PBXFileReference; lastKnownFileType = sourcecode.c.h; path = placement_state.h; sourceTree = "<group>"; };
		4382ECCF2719E06C00E6E6D8 /* libportaudio.2.dylib */ = {isa = PBXFileReference; lastKnownFileType = "compiled.mach-o.dylib"; name = libportaudio.2.dylib; path = ../../../../../usr/local/Cellar/portaudio/19.7.0/lib/libportaudio.2.dylib; sourceTree = "<group>"; };
		4382ECD32719E0BE00E6E6D8 /* audio.h */ = {isa = PBXFileReference; lastKnownFileType = sourcecode.c.h; path = audio.h; sourceTree = "<group>"; };
		4382ECD42719E0BE00E6E6D8 /* audio.c */ = {isa = PBXFileReference; lastKnownFileType = sourcecode.c.c; path = audio.c; sourceTree = "<group>"; };
		4382ECD62719E21A00E6E6D8 /* libsndfile.1.dylib */ = {isa = PBXFileReference; lastKnownFileType = "compiled.mach-o.dylib"; name = libsndfile.1.dylib; path = ../../../../../usr/local/Cellar/libsndfile/1.0.31/lib/libsndfile.1.dylib; sourceTree = "<group>"; };
		43D7D690270F46B9009DD32F /* nxtetris */ = {isa = PBXFileReference; explicitFileType = "compiled.mach-o.executable"; includeInIndex = 0; path = nxtetris; sourceTree = BUILT_PRODUCTS_DIR; };
		43D7D693270F46B9009DD32F /* main.c */ = {isa = PBXFileReference; lastKnownFileType = sourcecode.c.c; path = main.c; sourceTree = "<group>"; };
		43D7D69D270F5E65009DD32F /* graphics.h */ = {isa = PBXFileReference; lastKnownFileType = sourcecode.c.h; path = graphics.h; sourceTree = "<group>"; };
		43D7D69E270F5E65009DD32F /* graphics.c */ = {isa = PBXFileReference; lastKnownFileType = sourcecode.c.c; path = graphics.c; sourceTree = "<group>"; };
/* End PBXFileReference section */

/* Begin PBXFrameworksBuildPhase section */
		43D7D68D270F46B9009DD32F /* Frameworks */ = {
			isa = PBXFrameworksBuildPhase;
			buildActionMask = 2147483647;
			files = (
				4382ECD02719E06C00E6E6D8 /* libportaudio.2.dylib in Frameworks */,
				4382ECD72719E21A00E6E6D8 /* libsndfile.1.dylib in Frameworks */,
			);
			runOnlyForDeploymentPostprocessing = 0;
		};
/* End PBXFrameworksBuildPhase section */

/* Begin PBXGroup section */
		4318119E27184C19001D57B0 /* game */ = {
			isa = PBXGroup;
			children = (
				434552AD2719ADB4000943FE /* enums */,
				431811A327197A80001D57B0 /* game.h */,
				431811A427197A80001D57B0 /* game.c */,
				431811A827197D20001D57B0 /* tetromino.h */,
				431811A927197D20001D57B0 /* tetromino.c */,
			);
			path = game;
			sourceTree = "<group>";
		};
		43279A51270F985900635AB5 /* types */ = {
			isa = PBXGroup;
			children = (
				43279A52270F986C00635AB5 /* size.h */,
				43279A53270F9DB300635AB5 /* point.h */,
				43279A5427105C5C00635AB5 /* rect.h */,
				43279A572710613200635AB5 /* color.h */,
				431811AB2719899E001D57B0 /* point.c */,
			);
			path = types;
			sourceTree = "<group>";
		};
		43279A552710610300635AB5 /* enums */ = {
			isa = PBXGroup;
			children = (
				43279A562710610D00635AB5 /* alpha.h */,
				43279A582710615A00635AB5 /* color_module.h */,
				431811A227195E54001D57B0 /* vertical_alignment.h */,
			);
			path = enums;
			sourceTree = "<group>";
		};
		43279A59271072D400635AB5 /* math */ = {
			isa = PBXGroup;
			children = (
				43279A5A2710730800635AB5 /* matrix.h */,
				43279A5B2710730800635AB5 /* matrix.c */,
			);
			path = math;
			sourceTree = "<group>";
		};
		434552A927199CF9000943FE /* utils */ = {
			isa = PBXGroup;
			children = (
				434552AA27199D04000943FE /* utils.h */,
				434552AB27199D04000943FE /* utils.c */,
			);
			path = utils;
			sourceTree = "<group>";
		};
		434552AD2719ADB4000943FE /* enums */ = {
			isa = PBXGroup;
			children = (
				434552AE2719ADC9000943FE /* placement_state.h */,
			);
			path = enums;
			sourceTree = "<group>";
		};
		4382ECCE2719E06B00E6E6D8 /* Frameworks */ = {
			isa = PBXGroup;
			children = (
				4382ECD62719E21A00E6E6D8 /* libsndfile.1.dylib */,
				4382ECCF2719E06C00E6E6D8 /* libportaudio.2.dylib */,
			);
			name = Frameworks;
			sourceTree = "<group>";
		};
		43D7D687270F46B9009DD32F = {
			isa = PBXGroup;
			children = (
				43D7D692270F46B9009DD32F /* nxtetris */,
				43D7D691270F46B9009DD32F /* Products */,
				4382ECCE2719E06B00E6E6D8 /* Frameworks */,
			);
			sourceTree = "<group>";
		};
		43D7D691270F46B9009DD32F /* Products */ = {
			isa = PBXGroup;
			children = (
				43D7D690270F46B9009DD32F /* nxtetris */,
			);
			name = Products;
			sourceTree = "<group>";
		};
		43D7D692270F46B9009DD32F /* nxtetris */ = {
			isa = PBXGroup;
			children = (
				434552A927199CF9000943FE /* utils */,
				4318119E27184C19001D57B0 /* game */,
				43279A59271072D400635AB5 /* math */,
				43D7D69C270F5E57009DD32F /* engine */,
				43D7D693270F46B9009DD32F /* main.c */,
			);
			path = nxtetris;
			sourceTree = "<group>";
		};
		43D7D69C270F5E57009DD32F /* engine */ = {
			isa = PBXGroup;
			children = (
				43279A552710610300635AB5 /* enums */,
				43279A51270F985900635AB5 /* types */,
				43D7D69D270F5E65009DD32F /* graphics.h */,
				43D7D69E270F5E65009DD32F /* graphics.c */,
				4318119F27195E1E001D57B0 /* controls.h */,
				431811A027195E1E001D57B0 /* controls.c */,
				431811AD27198FE9001D57B0 /* collisions.h */,
				431811AE27198FE9001D57B0 /* collisions.c */,
				4382ECD32719E0BE00E6E6D8 /* audio.h */,
				4382ECD42719E0BE00E6E6D8 /* audio.c */,
			);
			path = engine;
			sourceTree = "<group>";
		};
/* End PBXGroup section */

/* Begin PBXNativeTarget section */
		43D7D68F270F46B9009DD32F /* nxtetris */ = {
			isa = PBXNativeTarget;
			buildConfigurationList = 43D7D697270F46B9009DD32F /* Build configuration list for PBXNativeTarget "nxtetris" */;
			buildPhases = (
				43D7D68C270F46B9009DD32F /* Sources */,
				43D7D68D270F46B9009DD32F /* Frameworks */,
				43D7D68E270F46B9009DD32F /* CopyFiles */,
				4382ECD22719E06C00E6E6D8 /* Embed Libraries */,
			);
			buildRules = (
			);
			dependencies = (
			);
			name = nxtetris;
			productName = nxtetris;
			productReference = 43D7D690270F46B9009DD32F /* nxtetris */;
			productType = "com.apple.product-type.tool";
		};
/* End PBXNativeTarget section */

/* Begin PBXProject section */
		43D7D688270F46B9009DD32F /* Project object */ = {
			isa = PBXProject;
			attributes = {
				LastUpgradeCheck = 1250;
				TargetAttributes = {
					43D7D68F270F46B9009DD32F = {
						CreatedOnToolsVersion = 12.5.1;
					};
				};
			};
			buildConfigurationList = 43D7D68B270F46B9009DD32F /* Build configuration list for PBXProject "nxtetris" */;
			compatibilityVersion = "Xcode 9.3";
			developmentRegion = en;
			hasScannedForEncodings = 0;
			knownRegions = (
				en,
				Base,
			);
			mainGroup = 43D7D687270F46B9009DD32F;
			productRefGroup = 43D7D691270F46B9009DD32F /* Products */;
			projectDirPath = "";
			projectRoot = "";
			targets = (
				43D7D68F270F46B9009DD32F /* nxtetris */,
			);
		};
/* End PBXProject section */

/* Begin PBXSourcesBuildPhase section */
		43D7D68C270F46B9009DD32F /* Sources */ = {
			isa = PBXSourcesBuildPhase;
			buildActionMask = 2147483647;
			files = (
				431811A527197A80001D57B0 /* game.c in Sources */,
				43D7D69F270F5E65009DD32F /* graphics.c in Sources */,
				43D7D694270F46B9009DD32F /* main.c in Sources */,
				434552AC27199D04000943FE /* utils.c in Sources */,
				431811AC2719899E001D57B0 /* point.c in Sources */,
				431811AF27198FE9001D57B0 /* collisions.c in Sources */,
				431811AA27197D20001D57B0 /* tetromino.c in Sources */,
				43279A5C2710730800635AB5 /* matrix.c in Sources */,
				4382ECD52719E0BE00E6E6D8 /* audio.c in Sources */,
				431811A127195E1E001D57B0 /* controls.c in Sources */,
			);
			runOnlyForDeploymentPostprocessing = 0;
		};
/* End PBXSourcesBuildPhase section */

/* Begin XCBuildConfiguration section */
		43D7D695270F46B9009DD32F /* Debug */ = {
			isa = XCBuildConfiguration;
			buildSettings = {
				ALWAYS_SEARCH_USER_PATHS = NO;
				CLANG_ANALYZER_NONNULL = YES;
				CLANG_ANALYZER_NUMBER_OBJECT_CONVERSION = YES_AGGRESSIVE;
				CLANG_CXX_LANGUAGE_STANDARD = "gnu++14";
				CLANG_CXX_LIBRARY = "libc++";
				CLANG_ENABLE_MODULES = YES;
				CLANG_ENABLE_OBJC_ARC = YES;
				CLANG_ENABLE_OBJC_WEAK = YES;
				CLANG_WARN_BLOCK_CAPTURE_AUTORELEASING = YES;
				CLANG_WARN_BOOL_CONVERSION = YES;
				CLANG_WARN_COMMA = YES;
				CLANG_WARN_CONSTANT_CONVERSION = YES;
				CLANG_WARN_DEPRECATED_OBJC_IMPLEMENTATIONS = YES;
				CLANG_WARN_DIRECT_OBJC_ISA_USAGE = YES_ERROR;
				CLANG_WARN_DOCUMENTATION_COMMENTS = YES;
				CLANG_WARN_EMPTY_BODY = YES;
				CLANG_WARN_ENUM_CONVERSION = YES;
				CLANG_WARN_INFINITE_RECURSION = YES;
				CLANG_WARN_INT_CONVERSION = YES;
				CLANG_WARN_NON_LITERAL_NULL_CONVERSION = YES;
				CLANG_WARN_OBJC_IMPLICIT_RETAIN_SELF = YES;
				CLANG_WARN_OBJC_LITERAL_CONVERSION = YES;
				CLANG_WARN_OBJC_ROOT_CLASS = YES_ERROR;
				CLANG_WARN_QUOTED_INCLUDE_IN_FRAMEWORK_HEADER = YES;
				CLANG_WARN_RANGE_LOOP_ANALYSIS = YES;
				CLANG_WARN_STRICT_PROTOTYPES = YES;
				CLANG_WARN_SUSPICIOUS_MOVE = YES;
				CLANG_WARN_UNGUARDED_AVAILABILITY = YES_AGGRESSIVE;
				CLANG_WARN_UNREACHABLE_CODE = YES;
				CLANG_WARN__DUPLICATE_METHOD_MATCH = YES;
				COPY_PHASE_STRIP = NO;
				DEBUG_INFORMATION_FORMAT = dwarf;
				ENABLE_STRICT_OBJC_MSGSEND = YES;
				ENABLE_TESTABILITY = YES;
				GCC_C_LANGUAGE_STANDARD = gnu11;
				GCC_DYNAMIC_NO_PIC = NO;
				GCC_NO_COMMON_BLOCKS = YES;
				GCC_OPTIMIZATION_LEVEL = 0;
				GCC_PREPROCESSOR_DEFINITIONS = (
					"DEBUG=1",
					"$(inherited)",
				);
				GCC_WARN_64_TO_32_BIT_CONVERSION = YES;
				GCC_WARN_ABOUT_RETURN_TYPE = YES_ERROR;
				GCC_WARN_UNDECLARED_SELECTOR = YES;
				GCC_WARN_UNINITIALIZED_AUTOS = YES_AGGRESSIVE;
				GCC_WARN_UNUSED_FUNCTION = YES;
				GCC_WARN_UNUSED_VARIABLE = YES;
				MACOSX_DEPLOYMENT_TARGET = 11.3;
				MTL_ENABLE_DEBUG_INFO = INCLUDE_SOURCE;
				MTL_FAST_MATH = YES;
				ONLY_ACTIVE_ARCH = YES;
				SDKROOT = macosx;
			};
			name = Debug;
		};
		43D7D696270F46B9009DD32F /* Release */ = {
			isa = XCBuildConfiguration;
			buildSettings = {
				ALWAYS_SEARCH_USER_PATHS = NO;
				CLANG_ANALYZER_NONNULL = YES;
				CLANG_ANALYZER_NUMBER_OBJECT_CONVERSION = YES_AGGRESSIVE;
				CLANG_CXX_LANGUAGE_STANDARD = "gnu++14";
				CLANG_CXX_LIBRARY = "libc++";
				CLANG_ENABLE_MODULES = YES;
				CLANG_ENABLE_OBJC_ARC = YES;
				CLANG_ENABLE_OBJC_WEAK = YES;
				CLANG_WARN_BLOCK_CAPTURE_AUTORELEASING = YES;
				CLANG_WARN_BOOL_CONVERSION = YES;
				CLANG_WARN_COMMA = YES;
				CLANG_WARN_CONSTANT_CONVERSION = YES;
				CLANG_WARN_DEPRECATED_OBJC_IMPLEMENTATIONS = YES;
				CLANG_WARN_DIRECT_OBJC_ISA_USAGE = YES_ERROR;
				CLANG_WARN_DOCUMENTATION_COMMENTS = YES;
				CLANG_WARN_EMPTY_BODY = YES;
				CLANG_WARN_ENUM_CONVERSION = YES;
				CLANG_WARN_INFINITE_RECURSION = YES;
				CLANG_WARN_INT_CONVERSION = YES;
				CLANG_WARN_NON_LITERAL_NULL_CONVERSION = YES;
				CLANG_WARN_OBJC_IMPLICIT_RETAIN_SELF = YES;
				CLANG_WARN_OBJC_LITERAL_CONVERSION = YES;
				CLANG_WARN_OBJC_ROOT_CLASS = YES_ERROR;
				CLANG_WARN_QUOTED_INCLUDE_IN_FRAMEWORK_HEADER = YES;
				CLANG_WARN_RANGE_LOOP_ANALYSIS = YES;
				CLANG_WARN_STRICT_PROTOTYPES = YES;
				CLANG_WARN_SUSPICIOUS_MOVE = YES;
				CLANG_WARN_UNGUARDED_AVAILABILITY = YES_AGGRESSIVE;
				CLANG_WARN_UNREACHABLE_CODE = YES;
				CLANG_WARN__DUPLICATE_METHOD_MATCH = YES;
				COPY_PHASE_STRIP = NO;
				DEBUG_INFORMATION_FORMAT = "dwarf-with-dsym";
				ENABLE_NS_ASSERTIONS = NO;
				ENABLE_STRICT_OBJC_MSGSEND = YES;
				GCC_C_LANGUAGE_STANDARD = gnu11;
				GCC_NO_COMMON_BLOCKS = YES;
				GCC_WARN_64_TO_32_BIT_CONVERSION = YES;
				GCC_WARN_ABOUT_RETURN_TYPE = YES_ERROR;
				GCC_WARN_UNDECLARED_SELECTOR = YES;
				GCC_WARN_UNINITIALIZED_AUTOS = YES_AGGRESSIVE;
				GCC_WARN_UNUSED_FUNCTION = YES;
				GCC_WARN_UNUSED_VARIABLE = YES;
				MACOSX_DEPLOYMENT_TARGET = 11.3;
				MTL_ENABLE_DEBUG_INFO = NO;
				MTL_FAST_MATH = YES;
				SDKROOT = macosx;
			};
			name = Release;
		};
		43D7D698270F46B9009DD32F /* Debug */ = {
			isa = XCBuildConfiguration;
			buildSettings = {
				CODE_SIGN_STYLE = Automatic;
				DEVELOPMENT_TEAM = P8M84C2C66;
				ENABLE_HARDENED_RUNTIME = YES;
				FRAMEWORK_SEARCH_PATHS = "";
				GCC_C_LANGUAGE_STANDARD = ansi;
				GCC_WARN_PEDANTIC = YES;
				HEADER_SEARCH_PATHS = (
					/usr/local/Cellar/portaudio/19.7.0/include,
					/usr/local/Cellar/libsndfile/1.0.31/include,
				);
				LIBRARY_SEARCH_PATHS = (
					"$(inherited)",
					/usr/local/Cellar/portaudio/19.7.0/lib,
					/usr/local/Cellar/libsndfile/1.0.31/lib,
				);
				OTHER_LDFLAGS = (
					"-lncurses",
					"-lpanel",
				);
				PRODUCT_NAME = "$(TARGET_NAME)";
			};
			name = Debug;
		};
		43D7D699270F46B9009DD32F /* Release */ = {
			isa = XCBuildConfiguration;
			buildSettings = {
				CODE_SIGN_STYLE = Automatic;
				DEVELOPMENT_TEAM = P8M84C2C66;
				ENABLE_HARDENED_RUNTIME = YES;
				FRAMEWORK_SEARCH_PATHS = "";
				GCC_C_LANGUAGE_STANDARD = ansi;
				GCC_WARN_PEDANTIC = YES;
				HEADER_SEARCH_PATHS = (
					/usr/local/Cellar/portaudio/19.7.0/include,
					/usr/local/Cellar/libsndfile/1.0.31/include,
				);
				LIBRARY_SEARCH_PATHS = (
					"$(inherited)",
					/usr/local/Cellar/portaudio/19.7.0/lib,
					/usr/local/Cellar/libsndfile/1.0.31/lib,
				);
				OTHER_LDFLAGS = (
					"-lncurses",
					"-lpanel",
				);
				PRODUCT_NAME = "$(TARGET_NAME)";
			};
			name = Release;
		};
/* End XCBuildConfiguration section */

/* Begin XCConfigurationList section */
		43D7D68B270F46B9009DD32F /* Build configuration list for PBXProject "nxtetris" */ = {
			isa = XCConfigurationList;
			buildConfigurations = (
				43D7D695270F46B9009DD32F /* Debug */,
				43D7D696270F46B9009DD32F /* Release */,
			);
			defaultConfigurationIsVisible = 0;
			defaultConfigurationName = Release;
		};
		43D7D697270F46B9009DD32F /* Build configuration list for PBXNativeTarget "nxtetris" */ = {
			isa = XCConfigurationList;
			buildConfigurations = (
				43D7D698270F46B9009DD32F /* Debug */,
				43D7D699270F46B9009DD32F /* Release */,
			);
			defaultConfigurationIsVisible = 0;
			defaultConfigurationName = Release;
		};
/* End XCConfigurationList section */
	};
	rootObject = 43D7D688270F46B9009DD32F /* Project object */;
}
